
Microsoft Visual Studio Solution File, Format Version 12.00
# Visual Studio Version 17
VisualStudioVersion = 17.3.32825.248
MinimumVisualStudioVersion = 10.0.40219.1
Project("{FAE04EC0-301F-11D3-BF4B-00C04F79EFBC}") = "DockerSC2Runner", "DockerSC2Runner\DockerSC2Runner.csproj", "{55F44158-A8BD-420C-9F3E-B7E1173EF151}"
EndProject
Global
	GlobalSection(SolutionConfigurationPlatforms) = preSolution
		Debug|Any CPU = Debug|Any CPU
		Release|Any CPU = Release|Any CPU
	EndGlobalSection
	GlobalSection(ProjectConfigurationPlatforms) = postSolution
		{55F44158-A8BD-420C-9F3E-B7E1173EF151}.Debug|Any CPU.ActiveCfg = Debug|Any CPU
		{55F44158-A8BD-420C-9F3E-B7E1173EF151}.Debug|Any CPU.Build.0 = Debug|Any CPU
		{55F44158-A8BD-420C-9F3E-B7E1173EF151}.Release|Any CPU.ActiveCfg = Release|Any CPU
		{55F44158-A8BD-420C-9F3E-B7E1173EF151}.Release|Any CPU.Build.0 = Release|Any CPU
	EndGlobalSection
	GlobalSection(SolutionProperties) = preSolution
		HideSolutionNode = FALSE
	EndGlobalSection
	GlobalSection(ExtensibilityGlobals) = postSolution
		SolutionGuid = {2C1DAEC8-AFCA-4A1D-A041-2AC996D2050E}
	EndGlobalSection
EndGlobal
